
Microsoft Visual Studio Solution File, Format Version 12.00
# Visual Studio 2012
Project("{8BC9CEB8-8B4A-11D0-8D11-00A0C91BC942}") = "NX_CONFIRM", "NX_CONFIRM.vcxproj", "{65AD1E84-DE77-489E-9DF5-4F4F847E0792}"
EndProject
Global
	GlobalSection(SolutionConfigurationPlatforms) = preSolution
		Debug|Win32 = Debug|Win32
		Release|Win32 = Release|Win32
	EndGlobalSection
	GlobalSection(ProjectConfigurationPlatforms) = postSolution
		{65AD1E84-DE77-489E-9DF5-4F4F847E0792}.Debug|Win32.ActiveCfg = Debug|Win32
		{65AD1E84-DE77-489E-9DF5-4F4F847E0792}.Debug|Win32.Build.0 = Debug|Win32
		{65AD1E84-DE77-489E-9DF5-4F4F847E0792}.Release|Win32.ActiveCfg = Release|Win32
		{65AD1E84-DE77-489E-9DF5-4F4F847E0792}.Release|Win32.Build.0 = Release|Win32
	EndGlobalSection
	GlobalSection(SolutionProperties) = preSolution
		HideSolutionNode = FALSE
	EndGlobalSection
EndGlobal
